{
  "version": 4,
  "terraform_version": "1.1.0",
  "serial": 17,
  "lineage": "06529f45-2559-8bdd-677c-2ab6a7241506",
  "outputs": {},
  "resources": [
    {
      "mode": "managed",
      "type": "azurerm_resource_group",
      "name": "rg",
      "provider": "provider[\"registry.terraform.io/hashicorp/azurerm\"]",
      "instances": [
        {
          "schema_version": 0,
          "attributes": {
            "id": "/subscriptions/1caf5783-34ff-4738-bab8-21a64005e1d0/resourceGroups/myNewResourceGroupName",
            "location": "westeurope",
            "name": "myNewResourceGroupName",
            "tags": {
              "BL": "Ext-Client-Application-EL-ELSP",
              "BN": "EL",
              "Environment": "Terraform Getting Started",
              "Team": "DevOps"
            },
            "timeouts": null
          },
          "sensitive_attributes": [],
          "private": "eyJlMmJmYjczMC1lY2FhLTExZTYtOGY4OC0zNDM2M2JjN2M0YzAiOnsiY3JlYXRlIjo1NDAwMDAwMDAwMDAwLCJkZWxldGUiOjU0MDAwMDAwMDAwMDAsInJlYWQiOjMwMDAwMDAwMDAwMCwidXBkYXRlIjo1NDAwMDAwMDAwMDAwfX0="
        }
      ]
    },
    {
      "mode": "managed",
      "type": "azurerm_virtual_network",
      "name": "vnet",
      "provider": "provider[\"registry.terraform.io/hashicorp/azurerm\"]",
      "instances": [
        {
          "schema_version": 0,
          "attributes": {
            "address_space": [
              "10.0.0.0/16"
            ],
            "bgp_community": "",
            "ddos_protection_plan": [],
            "dns_servers": [],
            "flow_timeout_in_minutes": 0,
            "guid": "f574c5a7-212e-42ec-b53f-4f7a05b2aa89",
            "id": "/subscriptions/1caf5783-34ff-4738-bab8-21a64005e1d0/resourceGroups/myNewResourceGroupName/providers/Microsoft.Network/virtualNetworks/myTFVnet",
            "location": "westeurope",
            "name": "myTFVnet",
            "resource_group_name": "myNewResourceGroupName",
            "subnet": [],
            "tags": null,
            "timeouts": null,
            "vm_protection_enabled": false
          },
          "sensitive_attributes": [],
          "private": "eyJlMmJmYjczMC1lY2FhLTExZTYtOGY4OC0zNDM2M2JjN2M0YzAiOnsiY3JlYXRlIjoxODAwMDAwMDAwMDAwLCJkZWxldGUiOjE4MDAwMDAwMDAwMDAsInJlYWQiOjMwMDAwMDAwMDAwMCwidXBkYXRlIjoxODAwMDAwMDAwMDAwfX0=",
          "dependencies": [
            "azurerm_resource_group.rg"
          ]
        }
      ]
    }
  ]
}
